PODS:
  - Alamofire (4.8.0)
  - Cache (5.2.0)
  - DZNEmptyDataSet (1.8.1)
  - Firebase/Core (5.14.0):
    - Firebase/CoreOnly
    - FirebaseAnalytics (= 5.4.0)
  - Firebase/CoreOnly (5.14.0):
    - FirebaseCore (= 5.1.9)
  - Firebase/Messaging (5.14.0):
    - Firebase/CoreOnly
    - FirebaseMessaging (= 3.2.2)
  - FirebaseAnalytics (5.4.0):
    - FirebaseCore (~> 5.1)
    - FirebaseInstanceID (~> 3.3)
    - GoogleAppMeasurement (= 5.4.0)
    - GoogleUtilities/AppDelegateSwizzler (~> 5.2)
    - GoogleUtilities/MethodSwizzler (~> 5.2)
    - GoogleUtilities/Network (~> 5.2)
    - "GoogleUtilities/NSData+zlib (~> 5.2)"
    - nanopb (~> 0.3)
  - FirebaseAnalyticsInterop (1.1.0)
  - FirebaseCore (5.1.9):
    - GoogleUtilities/Logger (~> 5.2)
  - FirebaseInstanceID (3.3.0):
    - FirebaseCore (~> 5.1)
    - GoogleUtilities/Environment (~> 5.3)
    - GoogleUtilities/UserDefaults (~> 5.3)
  - FirebaseMessaging (3.2.2):
    - FirebaseAnalyticsInterop (~> 1.1)
    - FirebaseCore (~> 5.1)
    - FirebaseInstanceID (~> 3.0)
    - GoogleUtilities/Environment (~> 5.2)
    - GoogleUtilities/Reachability (~> 5.2)
    - Protobuf (~> 3.1)
  - GoogleAppMeasurement (5.4.0):
    - GoogleUtilities/AppDelegateSwizzler (~> 5.2)
    - GoogleUtilities/MethodSwizzler (~> 5.2)
    - GoogleUtilities/Network (~> 5.2)
    - "GoogleUtilities/NSData+zlib (~> 5.2)"
    - nanopb (~> 0.3)
  - GoogleUtilities/AppDelegateSwizzler (5.3.6):
    - GoogleUtilities/Environment
    - GoogleUtilities/Logger
    - GoogleUtilities/Network
  - GoogleUtilities/Environment (5.3.6)
  - GoogleUtilities/Logger (5.3.6):
    - GoogleUtilities/Environment
  - GoogleUtilities/MethodSwizzler (5.3.6):
    - GoogleUtilities/Logger
  - GoogleUtilities/Network (5.3.6):
    - GoogleUtilities/Logger
    - "GoogleUtilities/NSData+zlib"
    - GoogleUtilities/Reachability
  - "GoogleUtilities/NSData+zlib (5.3.6)"
  - GoogleUtilities/Reachability (5.3.6):
    - GoogleUtilities/Logger
  - GoogleUtilities/UserDefaults (5.3.6):
    - GoogleUtilities/Logger
  - ImagePicker (3.1.0)
  - ImageSlideshow (1.7.0):
    - ImageSlideshow/Core (= 1.7.0)
  - ImageSlideshow/Core (1.7.0)
  - ImageSlideshow/Kingfisher (1.7.0):
    - ImageSlideshow/Core
    - Kingfisher (> 3.0)
  - Imaginary (4.2.0):
    - Cache (~> 5.0)
  - IQKeyboardManagerSwift (6.2.0)
  - Kingfisher (5.0.0)
  - Lightbox (2.3.0):
    - Imaginary (~> 4.0)
  - nanopb (0.3.901):
    - nanopb/decode (= 0.3.901)
    - nanopb/encode (= 0.3.901)
  - nanopb/decode (0.3.901)
  - nanopb/encode (0.3.901)
  - Protobuf (3.6.1)
  - SVProgressHUD (2.2.5)
  - SwiftyJSON (4.2.0)
  - UPCarouselFlowLayout (1.1.2)

DEPENDENCIES:
  - Alamofire
  - DZNEmptyDataSet
  - Firebase/Core
  - Firebase/Messaging
  - ImagePicker
  - ImageSlideshow (~> 1.6)
  - ImageSlideshow/Kingfisher
  - IQKeyboardManagerSwift
  - Kingfisher (~> 5.0)
  - Lightbox
  - SVProgressHUD
  - SwiftyJSON
  - UPCarouselFlowLayout

SPEC REPOS:
  https://github.com/cocoapods/specs.git:
    - Alamofire
    - Cache
    - DZNEmptyDataSet
    - Firebase
    - FirebaseAnalytics
    - FirebaseAnalyticsInterop
    - FirebaseCore
    - FirebaseInstanceID
    - FirebaseMessaging
    - GoogleAppMeasurement
    - GoogleUtilities
    - ImagePicker
    - ImageSlideshow
    - Imaginary
    - IQKeyboardManagerSwift
    - Kingfisher
    - Lightbox
    - nanopb
    - Protobuf
    - SVProgressHUD
    - SwiftyJSON
    - UPCarouselFlowLayout

SPEC CHECKSUMS:
  Alamofire: 3ec537f71edc9804815215393ae2b1a8ea33a844
  Cache: 807c5d86d01a177f06ede9865add3aea269bbfd4
  DZNEmptyDataSet: 9525833b9e68ac21c30253e1d3d7076cc828eaa7
  Firebase: 963d5685fae888a56d6d4d9cfce6b9c976958798
  FirebaseAnalytics: c06f9d70577d79074214700a71fd5d39de5550fb
  FirebaseAnalyticsInterop: e5f21be9af6548372e2f0815834ff909bff395a2
  FirebaseCore: 8f49b70f57ab5cbb032ef41d64992ded21606459
  FirebaseInstanceID: e2fa4cb35ef5558c200f7f0ad8a53e212215f93e
  FirebaseMessaging: b412996f6a09337d232bb3a6676ce4d1f353d024
  GoogleAppMeasurement: 98b71f5e04142793729a5ef23e5b96651ff4b70f
  GoogleUtilities: 95996bea7c7d9b8fb811b7507669a4a8762f80c7
  ImagePicker: db1fd7626337b2577c523bef5f499bbbe5a37079
  ImageSlideshow: f8eec5e37a980f60923b585ff23b0e140fd24018
  Imaginary: dae33d06dbc2ada22f98afef5eb45cc061311a2c
  IQKeyboardManagerSwift: b07ccf9d8cafe993dcd6cb794eb4ba34611a0c4e
  Kingfisher: 2b0dd651e4fe5a07305b8242fde56f8e2d410f58
  Lightbox: d317750e4132bfb871a5307cfe0a2c7d6a583c65
  nanopb: 2901f78ea1b7b4015c860c2fdd1ea2fee1a18d48
  Protobuf: 1eb9700044745f00181c136ef21b8ff3ad5a0fd5
  SVProgressHUD: 1428aafac632c1f86f62aa4243ec12008d7a51d6
  SwiftyJSON: c4bcba26dd9ec7a027fc8eade48e2c911f229e96
  UPCarouselFlowLayout: 4c7d2c43a10ebb1597bde502a53699d378341dad

PODFILE CHECKSUM: 1e4b796d48a00090b019f11f014bc185497c9a55

COCOAPODS: 1.5.3
